// !$*UTF8*$!
{
	archiveVersion = 1;
	classes = {
	};
	objectVersion = 46;
	objects = {

/* Begin PBXBuildFile section */
		AB48E86F1B925E5F00C73146 /* AppDelegate.swift in Sources */ = {isa = PBXBuildFile; fileRef = AB48E86E1B925E5F00C73146 /* AppDelegate.swift */; };
		AB48E8711B925E5F00C73146 /* ViewController.swift in Sources */ = {isa = PBXBuildFile; fileRef = AB48E8701B925E5F00C73146 /* ViewController.swift */; };
		AB48E8741B925E5F00C73146 /* Main.storyboard in Resources */ = {isa = PBXBuildFile; fileRef = AB48E8721B925E5F00C73146 /* Main.storyboard */; };
		AB48E8761B925E5F00C73146 /* Assets.xcassets in Resources */ = {isa = PBXBuildFile; fileRef = AB48E8751B925E5F00C73146 /* Assets.xcassets */; };
		AB48E8791B925E5F00C73146 /* LaunchScreen.storyboard in Resources */ = {isa = PBXBuildFile; fileRef = AB48E8771B925E5F00C73146 /* LaunchScreen.storyboard */; };
		AB48E8811B925F9900C73146 /* dog-face.png in Resources */ = {isa = PBXBuildFile; fileRef = AB48E8801B925F9900C73146 /* dog-face.png */; };
/* End PBXBuildFile section */

/* Begin PBXFileReference section */
		AB48E86B1B925E5F00C73146 /* Dog Years.app */ = {isa = PBXFileReference; explicitFileType = wrapper.application; includeInIndex = 0; path = "Dog Years.app"; sourceTree = BUILT_PRODUCTS_DIR; };
		AB48E86E1B925E5F00C73146 /* AppDelegate.swift */ = {isa = PBXFileReference; lastKnownFileType = sourcecode.swift; path = AppDelegate.swift; sourceTree = "<group>"; };
		AB48E8701B925E5F00C73146 /* ViewController.swift */ = {isa = PBXFileReference; lastKnownFileType = sourcecode.swift; path = ViewController.swift; sourceTree = "<group>"; };
		AB48E8731B925E5F00C73146 /* Base */ = {isa = PBXFileReference; lastKnownFileType = file.storyboard; name = Base; path = Base.lproj/Main.storyboard; sourceTree = "<group>"; };
		AB48E8751B925E5F00C73146 /* Assets.xcassets */ = {isa = PBXFileReference; lastKnownFileType = folder.assetcatalog; path = Assets.xcassets; sourceTree = "<group>"; };
		AB48E8781B925E5F00C73146 /* Base */ = {isa = PBXFileReference; lastKnownFileType = file.storyboard; name = Base; path = Base.lproj/LaunchScreen.storyboard; sourceTree = "<group>"; };
		AB48E87A1B925E5F00C73146 /* Info.plist */ = {isa = PBXFileReference; lastKnownFileType = text.plist.xml; path = Info.plist; sourceTree = "<group>"; };
		AB48E8801B925F9900C73146 /* dog-face.png */ = {isa = PBXFileReference; lastKnownFileType = image.png; path = "dog-face.png"; sourceTree = "<group>"; };
/* End PBXFileReference section */

/* Begin PBXFrameworksBuildPhase section */
		AB48E8681B925E5F00C73146 /* Frameworks */ = {
			isa = PBXFrameworksBuildPhase;
			buildActionMask = 2147483647;
			files = (
			);
			runOnlyForDeploymentPostprocessing = 0;
		};
/* End PBXFrameworksBuildPhase section */

/* Begin PBXGroup section */
		AB48E8621B925E5F00C73146 = {
			isa = PBXGroup;
			children = (
				AB48E86D1B925E5F00C73146 /* Dog Years */,
				AB48E86C1B925E5F00C73146 /* Products */,
			);
			sourceTree = "<group>";
		};
		AB48E86C1B925E5F00C73146 /* Products */ = {
			isa = PBXGroup;
			children = (
				AB48E86B1B925E5F00C73146 /* Dog Years.app */,
			);
			name = Products;
			sourceTree = "<group>";
		};
		AB48E86D1B925E5F00C73146 /* Dog Years */ = {
			isa = PBXGroup;
			children = (
				AB48E86E1B925E5F00C73146 /* AppDelegate.swift */,
				AB48E8701B925E5F00C73146 /* ViewController.swift */,
				AB48E8801B925F9900C73146 /* dog-face.png */,
				AB48E8721B925E5F00C73146 /* Main.storyboard */,
				AB48E8751B925E5F00C73146 /* Assets.xcassets */,
				AB48E8771B925E5F00C73146 /* LaunchScreen.storyboard */,
				AB48E87A1B925E5F00C73146 /* Info.plist */,
			);
			path = "Dog Years";
			sourceTree = "<group>";
		};
/* End PBXGroup section */

/* Begin PBXNativeTarget section */
		AB48E86A1B925E5F00C73146 /* Dog Years */ = {
			isa = PBXNativeTarget;
			buildConfigurationList = AB48E87D1B925E5F00C73146 /* Build configuration list for PBXNativeTarget "Dog Years" */;
			buildPhases = (
				AB48E8671B925E5F00C73146 /* Sources */,
				AB48E8681B925E5F00C73146 /* Frameworks */,
				AB48E8691B925E5F00C73146 /* Resources */,
			);
			buildRules = (
			);
			dependencies = (
			);
			name = "Dog Years";
			productName = "Dog Years";
			productReference = AB48E86B1B925E5F00C73146 /* Dog Years.app */;
			productType = "com.apple.product-type.application";
		};
/* End PBXNativeTarget section */

/* Begin PBXProject section */
		AB48E8631B925E5F00C73146 /* Project object */ = {
			isa = PBXProject;
			attributes = {
				LastUpgradeCheck = 0700;
				ORGANIZATIONNAME = "richard reed";
				TargetAttributes = {
					AB48E86A1B925E5F00C73146 = {
						CreatedOnToolsVersion = 7.0;
					};
				};
			};
			buildConfigurationList = AB48E8661B925E5F00C73146 /* Build configuration list for PBXProject "Dog Years" */;
			compatibilityVersion = "Xcode 3.2";
			developmentRegion = English;
			hasScannedForEncodings = 0;
			knownRegions = (
				en,
				Base,
			);
			mainGroup = AB48E8621B925E5F00C73146;
			productRefGroup = AB48E86C1B925E5F00C73146 /* Products */;
			projectDirPath = "";
			projectRoot = "";
			targets = (
				AB48E86A1B925E5F00C73146 /* Dog Years */,
			);
		};
/* End PBXProject section */

/* Begin PBXResourcesBuildPhase section */
		AB48E8691B925E5F00C73146 /* Resources */ = {
			isa = PBXResourcesBuildPhase;
			buildActionMask = 2147483647;
			files = (
				AB48E8791B925E5F00C73146 /* LaunchScreen.storyboard in Resources */,
				AB48E8811B925F9900C73146 /* dog-face.png in Resources */,
				AB48E8761B925E5F00C73146 /* Assets.xcassets in Resources */,
				AB48E8741B925E5F00C73146 /* Main.storyboard in Resources */,
			);
			runOnlyForDeploymentPostprocessing = 0;
		};
/* End PBXResourcesBuildPhase section */

/* Begin PBXSourcesBuildPhase section */
		AB48E8671B925E5F00C73146 /* Sources */ = {
			isa = PBXSourcesBuildPhase;
			buildActionMask = 2147483647;
			files = (
				AB48E8711B925E5F00C73146 /* ViewController.swift in Sources */,
				AB48E86F1B925E5F00C73146 /* AppDelegate.swift in Sources */,
			);
			runOnlyForDeploymentPostprocessing = 0;
		};
/* End PBXSourcesBuildPhase section */

/* Begin PBXVariantGroup section */
		AB48E8721B925E5F00C73146 /* Main.storyboard */ = {
			isa = PBXVariantGroup;
			children = (
				AB48E8731B925E5F00C73146 /* Base */,
			);
			name = Main.storyboard;
			sourceTree = "<group>";
		};
		AB48E8771B925E5F00C73146 /* LaunchScreen.storyboard */ = {
			isa = PBXVariantGroup;
			children = (
				AB48E8781B925E5F00C73146 /* Base */,
			);
			name = LaunchScreen.storyboard;
			sourceTree = "<group>";
		};
/* End PBXVariantGroup section */

/* Begin XCBuildConfiguration section */
		AB48E87B1B925E5F00C73146 /* Debug */ = {
			isa = XCBuildConfiguration;
			buildSettings = {
				ALWAYS_SEARCH_USER_PATHS = NO;
				CLANG_CXX_LANGUAGE_STANDARD = "gnu++0x";
				CLANG_CXX_LIBRARY = "libc++";
				CLANG_ENABLE_MODULES = YES;
				CLANG_ENABLE_OBJC_ARC = YES;
				CLANG_WARN_BOOL_CONVERSION = YES;
				CLANG_WARN_CONSTANT_CONVERSION = YES;
				CLANG_WARN_DIRECT_OBJC_ISA_USAGE = YES_ERROR;
				CLANG_WARN_EMPTY_BODY = YES;
				CLANG_WARN_ENUM_CONVERSION = YES;
				CLANG_WARN_INT_CONVERSION = YES;
				CLANG_WARN_OBJC_ROOT_CLASS = YES_ERROR;
				CLANG_WARN_UNREACHABLE_CODE = YES;
				CLANG_WARN__DUPLICATE_METHOD_MATCH = YES;
				"CODE_SIGN_IDENTITY[sdk=iphoneos*]" = "iPhone Developer";
				COPY_PHASE_STRIP = NO;
				DEBUG_INFORMATION_FORMAT = dwarf;
				ENABLE_STRICT_OBJC_MSGSEND = YES;
				ENABLE_TESTABILITY = YES;
				GCC_C_LANGUAGE_STANDARD = gnu99;
				GCC_DYNAMIC_NO_PIC = NO;
				GCC_NO_COMMON_BLOCKS = YES;
				GCC_OPTIMIZATION_LEVEL = 0;
				GCC_PREPROCESSOR_DEFINITIONS = (
					"DEBUG=1",
					"$(inherited)",
				);
				GCC_WARN_64_TO_32_BIT_CONVERSION = YES;
				GCC_WARN_ABOUT_RETURN_TYPE = YES_ERROR;
				GCC_WARN_UNDECLARED_SELECTOR = YES;
				GCC_WARN_UNINITIALIZED_AUTOS = YES_AGGRESSIVE;
				GCC_WARN_UNUSED_FUNCTION = YES;
				GCC_WARN_UNUSED_VARIABLE = YES;
				IPHONEOS_DEPLOYMENT_TARGET = 9.0;
				MTL_ENABLE_DEBUG_INFO = YES;
				ONLY_ACTIVE_ARCH = YES;
				SDKROOT = iphoneos;
				SWIFT_OPTIMIZATION_LEVEL = "-Onone";
			};
			name = Debug;
		};
		AB48E87C1B925E5F00C73146 /* Release */ = {
			isa = XCBuildConfiguration;
			buildSettings = {
				ALWAYS_SEARCH_USER_PATHS = NO;
				CLANG_CXX_LANGUAGE_STANDARD = "gnu++0x";
				CLANG_CXX_LIBRARY = "libc++";
				CLANG_ENABLE_MODULES = YES;
				CLANG_ENABLE_OBJC_ARC = YES;
				CLANG_WARN_BOOL_CONVERSION = YES;
				CLANG_WARN_CONSTANT_CONVERSION = YES;
				CLANG_WARN_DIRECT_OBJC_ISA_USAGE = YES_ERROR;
				CLANG_WARN_EMPTY_BODY = YES;
				CLANG_WARN_ENUM_CONVERSION = YES;
				CLANG_WARN_INT_CONVERSION = YES;
				CLANG_WARN_OBJC_ROOT_CLASS = YES_ERROR;
				CLANG_WARN_UNREACHABLE_CODE = YES;
				CLANG_WARN__DUPLICATE_METHOD_MATCH = YES;
				"CODE_SIGN_IDENTITY[sdk=iphoneos*]" = "iPhone Developer";
				COPY_PHASE_STRIP = NO;
				DEBUG_INFORMATION_FORMAT = "dwarf-with-dsym";
				ENABLE_NS_ASSERTIONS = NO;
				ENABLE_STRICT_OBJC_MSGSEND = YES;
				GCC_C_LANGUAGE_STANDARD = gnu99;
				GCC_NO_COMMON_BLOCKS = YES;
				GCC_WARN_64_TO_32_BIT_CONVERSION = YES;
				GCC_WARN_ABOUT_RETURN_TYPE = YES_ERROR;
				GCC_WARN_UNDECLARED_SELECTOR = YES;
				GCC_WARN_UNINITIALIZED_AUTOS = YES_AGGRESSIVE;
				GCC_WARN_UNUSED_FUNCTION = YES;
				GCC_WARN_UNUSED_VARIABLE = YES;
				IPHONEOS_DEPLOYMENT_TARGET = 9.0;
				MTL_ENABLE_DEBUG_INFO = NO;
				SDKROOT = iphoneos;
				VALIDATE_PRODUCT = YES;
			};
			name = Release;
		};
		AB48E87E1B925E5F00C73146 /* Debug */ = {
			isa = XCBuildConfiguration;
			buildSettings = {
				ASSETCATALOG_COMPILER_APPICON_NAME = AppIcon;
				INFOPLIST_FILE = "Dog Years/Info.plist";
				LD_RUNPATH_SEARCH_PATHS = "$(inherited) @executable_path/Frameworks";
				PRODUCT_BUNDLE_IDENTIFIER = "com.richardreed.Dog-Years";
				PRODUCT_NAME = "$(TARGET_NAME)";
			};
			name = Debug;
		};
		AB48E87F1B925E5F00C73146 /* Release */ = {
			isa = XCBuildConfiguration;
			buildSettings = {
				ASSETCATALOG_COMPILER_APPICON_NAME = AppIcon;
				INFOPLIST_FILE = "Dog Years/Info.plist";
				LD_RUNPATH_SEARCH_PATHS = "$(inherited) @executable_path/Frameworks";
				PRODUCT_BUNDLE_IDENTIFIER = "com.richardreed.Dog-Years";
				PRODUCT_NAME = "$(TARGET_NAME)";
			};
			name = Release;
		};
/* End XCBuildConfiguration section */

/* Begin XCConfigurationList section */
		AB48E8661B925E5F00C73146 /* Build configuration list for PBXProject "Dog Years" */ = {
			isa = XCConfigurationList;
			buildConfigurations = (
				AB48E87B1B925E5F00C73146 /* Debug */,
				AB48E87C1B925E5F00C73146 /* Release */,
			);
			defaultConfigurationIsVisible = 0;
			defaultConfigurationName = Release;
		};
		AB48E87D1B925E5F00C73146 /* Build configuration list for PBXNativeTarget "Dog Years" */ = {
			isa = XCConfigurationList;
			buildConfigurations = (
				AB48E87E1B925E5F00C73146 /* Debug */,
				AB48E87F1B925E5F00C73146 /* Release */,
			);
			defaultConfigurationIsVisible = 0;
		};
/* End XCConfigurationList section */
	};
	rootObject = AB48E8631B925E5F00C73146 /* Project object */;
}
